
Microsoft Visual Studio Solution File, Format Version 12.00
# Visual Studio Version 17
VisualStudioVersion = 17.1.32210.238
MinimumVisualStudioVersion = 10.0.40219.1
Project("{2150E333-8FDC-42A3-9474-1A3956D46DE8}") = "src", "src", "{F0C804D6-82E9-4C2D-8A3C-D6A343B9D5B6}"
EndProject
Project("{2150E333-8FDC-42A3-9474-1A3956D46DE8}") = "buildingblocks", "buildingblocks", "{1F8AC183-C62F-4EF9-B94C-D9B2EDF34D45}"
EndProject
Project("{2150E333-8FDC-42A3-9474-1A3956D46DE8}") = "services", "services", "{E9A08C93-0BF5-4D84-A69C-E76346D76351}"
EndProject
Project("{2150E333-8FDC-42A3-9474-1A3956D46DE8}") = "Identity", "Identity", "{9D3A4050-AA79-4E85-831F-936F0705E128}"
EndProject
Project("{9A19103F-16F7-4668-BE54-9A1E7A4F7556}") = "JPN.Authorization.API", "..\src\services\JPN.Agency.Identity\JPN.Agency.Identity\JPN.Authorization.API.csproj", "{ED12CBCB-F81E-47F8-9DCC-AD39EDA61EEB}"
EndProject
Project("{2150E333-8FDC-42A3-9474-1A3956D46DE8}") = "Services", "Services", "{01BCC070-4CBF-4AA3-8A26-2C65A1206A12}"
EndProject
Project("{2150E333-8FDC-42A3-9474-1A3956D46DE8}") = "Core", "Core", "{5C9917EC-8EA4-45BF-B4CF-0BC8A56B716D}"
EndProject
Project("{9A19103F-16F7-4668-BE54-9A1E7A4F7556}") = "JPN.WebAPI.Core", "..\src\buildingblocks\Services\JPN.WebAPI.Core\JPN.WebAPI.Core.csproj", "{2501DADA-AEA2-4621-B5F7-60A724CDDD80}"
EndProject
Project("{2150E333-8FDC-42A3-9474-1A3956D46DE8}") = "CustomerAPI", "CustomerAPI", "{DDDD367B-BB41-4599-BDFC-D6C9C537245C}"
EndProject
Project("{9A19103F-16F7-4668-BE54-9A1E7A4F7556}") = "JPN.Customer.API", "..\src\services\Client\JPN.Client.API\JPN.Customer.API.csproj", "{EC6DBBBA-0443-4D97-8F84-04EE6131E158}"
EndProject
Project("{9A19103F-16F7-4668-BE54-9A1E7A4F7556}") = "JPN.Core", "..\src\buildingblocks\Core\JPN.Core\JPN.Core.csproj", "{089B3C94-61EC-478D-9EE9-799443A0DB3A}"
EndProject
Project("{2150E333-8FDC-42A3-9474-1A3956D46DE8}") = "MessageBus", "MessageBus", "{E086C9BF-D647-496D-B260-5359C6F1367D}"
EndProject
Project("{9A19103F-16F7-4668-BE54-9A1E7A4F7556}") = "JPN.MessageBus", "..\src\buildingblocks\MessageBus\JPN.MessageBus\JPN.MessageBus\JPN.MessageBus.csproj", "{39010D39-84F0-417F-88D0-8D5878D10511}"
EndProject
Project("{9A19103F-16F7-4668-BE54-9A1E7A4F7556}") = "JPN.EmailService", "..\src\buildingblocks\Email\JPN.EmailManager\JPN.EmailService.csproj", "{54370F17-676B-4813-8BA1-203988EC539D}"
EndProject
Global
	GlobalSection(SolutionConfigurationPlatforms) = preSolution
		Debug|Any CPU = Debug|Any CPU
		Release|Any CPU = Release|Any CPU
	EndGlobalSection
	GlobalSection(ProjectConfigurationPlatforms) = postSolution
		{ED12CBCB-F81E-47F8-9DCC-AD39EDA61EEB}.Debug|Any CPU.ActiveCfg = Debug|Any CPU
		{ED12CBCB-F81E-47F8-9DCC-AD39EDA61EEB}.Debug|Any CPU.Build.0 = Debug|Any CPU
		{ED12CBCB-F81E-47F8-9DCC-AD39EDA61EEB}.Release|Any CPU.ActiveCfg = Release|Any CPU
		{ED12CBCB-F81E-47F8-9DCC-AD39EDA61EEB}.Release|Any CPU.Build.0 = Release|Any CPU
		{2501DADA-AEA2-4621-B5F7-60A724CDDD80}.Debug|Any CPU.ActiveCfg = Debug|Any CPU
		{2501DADA-AEA2-4621-B5F7-60A724CDDD80}.Debug|Any CPU.Build.0 = Debug|Any CPU
		{2501DADA-AEA2-4621-B5F7-60A724CDDD80}.Release|Any CPU.ActiveCfg = Release|Any CPU
		{2501DADA-AEA2-4621-B5F7-60A724CDDD80}.Release|Any CPU.Build.0 = Release|Any CPU
		{EC6DBBBA-0443-4D97-8F84-04EE6131E158}.Debug|Any CPU.ActiveCfg = Debug|Any CPU
		{EC6DBBBA-0443-4D97-8F84-04EE6131E158}.Debug|Any CPU.Build.0 = Debug|Any CPU
		{EC6DBBBA-0443-4D97-8F84-04EE6131E158}.Release|Any CPU.ActiveCfg = Release|Any CPU
		{EC6DBBBA-0443-4D97-8F84-04EE6131E158}.Release|Any CPU.Build.0 = Release|Any CPU
		{089B3C94-61EC-478D-9EE9-799443A0DB3A}.Debug|Any CPU.ActiveCfg = Debug|Any CPU
		{089B3C94-61EC-478D-9EE9-799443A0DB3A}.Debug|Any CPU.Build.0 = Debug|Any CPU
		{089B3C94-61EC-478D-9EE9-799443A0DB3A}.Release|Any CPU.ActiveCfg = Release|Any CPU
		{089B3C94-61EC-478D-9EE9-799443A0DB3A}.Release|Any CPU.Build.0 = Release|Any CPU
		{39010D39-84F0-417F-88D0-8D5878D10511}.Debug|Any CPU.ActiveCfg = Debug|Any CPU
		{39010D39-84F0-417F-88D0-8D5878D10511}.Debug|Any CPU.Build.0 = Debug|Any CPU
		{39010D39-84F0-417F-88D0-8D5878D10511}.Release|Any CPU.ActiveCfg = Release|Any CPU
		{39010D39-84F0-417F-88D0-8D5878D10511}.Release|Any CPU.Build.0 = Release|Any CPU
		{54370F17-676B-4813-8BA1-203988EC539D}.Debug|Any CPU.ActiveCfg = Debug|Any CPU
		{54370F17-676B-4813-8BA1-203988EC539D}.Debug|Any CPU.Build.0 = Debug|Any CPU
		{54370F17-676B-4813-8BA1-203988EC539D}.Release|Any CPU.ActiveCfg = Release|Any CPU
		{54370F17-676B-4813-8BA1-203988EC539D}.Release|Any CPU.Build.0 = Release|Any CPU
	EndGlobalSection
	GlobalSection(SolutionProperties) = preSolution
		HideSolutionNode = FALSE
	EndGlobalSection
	GlobalSection(NestedProjects) = preSolution
		{1F8AC183-C62F-4EF9-B94C-D9B2EDF34D45} = {F0C804D6-82E9-4C2D-8A3C-D6A343B9D5B6}
		{E9A08C93-0BF5-4D84-A69C-E76346D76351} = {F0C804D6-82E9-4C2D-8A3C-D6A343B9D5B6}
		{9D3A4050-AA79-4E85-831F-936F0705E128} = {E9A08C93-0BF5-4D84-A69C-E76346D76351}
		{ED12CBCB-F81E-47F8-9DCC-AD39EDA61EEB} = {9D3A4050-AA79-4E85-831F-936F0705E128}
		{01BCC070-4CBF-4AA3-8A26-2C65A1206A12} = {1F8AC183-C62F-4EF9-B94C-D9B2EDF34D45}
		{5C9917EC-8EA4-45BF-B4CF-0BC8A56B716D} = {1F8AC183-C62F-4EF9-B94C-D9B2EDF34D45}
		{2501DADA-AEA2-4621-B5F7-60A724CDDD80} = {01BCC070-4CBF-4AA3-8A26-2C65A1206A12}
		{DDDD367B-BB41-4599-BDFC-D6C9C537245C} = {E9A08C93-0BF5-4D84-A69C-E76346D76351}
		{EC6DBBBA-0443-4D97-8F84-04EE6131E158} = {DDDD367B-BB41-4599-BDFC-D6C9C537245C}
		{089B3C94-61EC-478D-9EE9-799443A0DB3A} = {5C9917EC-8EA4-45BF-B4CF-0BC8A56B716D}
		{E086C9BF-D647-496D-B260-5359C6F1367D} = {1F8AC183-C62F-4EF9-B94C-D9B2EDF34D45}
		{39010D39-84F0-417F-88D0-8D5878D10511} = {E086C9BF-D647-496D-B260-5359C6F1367D}
		{54370F17-676B-4813-8BA1-203988EC539D} = {01BCC070-4CBF-4AA3-8A26-2C65A1206A12}
	EndGlobalSection
	GlobalSection(ExtensibilityGlobals) = postSolution
		SolutionGuid = {F8B353D0-51FD-40E3-9C2C-B73159B8A045}
	EndGlobalSection
EndGlobal
